// !$*UTF8*$!
{
	archiveVersion = 1;
	classes = {
	};
	objectVersion = 46;
	objects = {

/* Begin PBXBuildFile section */
		B71D3D70EABC8BC32F76B4FA /* libPods-XTAnimations.a in Frameworks */ = {isa = PBXBuildFile; fileRef = 2EA90339B1319E5F8AC16D33 /* libPods-XTAnimations.a */; };
		B939EE3229C611D30026F247 /* CollectionViewLayoutDemoViewController.swift in Sources */ = {isa = PBXBuildFile; fileRef = B939EE3129C611D30026F247 /* CollectionViewLayoutDemoViewController.swift */; };
		B939EE3429C612980026F247 /* UIScreen.swift in Sources */ = {isa = PBXBuildFile; fileRef = B939EE3329C612980026F247 /* UIScreen.swift */; };
		B939EE3629C6133F0026F247 /* UICollectionView.swift in Sources */ = {isa = PBXBuildFile; fileRef = B939EE3529C6133F0026F247 /* UICollectionView.swift */; };
		B939EE3829C613AE0026F247 /* UIColor.swift in Sources */ = {isa = PBXBuildFile; fileRef = B939EE3729C613AE0026F247 /* UIColor.swift */; };
		B939F2AE29CE02140026F247 /* PKProgressBar.swift in Sources */ = {isa = PBXBuildFile; fileRef = B939F2AD29CE02140026F247 /* PKProgressBar.swift */; };
		B939F6D729CEE6480026F247 /* NSAttributedStringJoiner.swift in Sources */ = {isa = PBXBuildFile; fileRef = B939F6D629CEE6480026F247 /* NSAttributedStringJoiner.swift */; };
		B939F6D929CEE6700026F247 /* UIFont.swift in Sources */ = {isa = PBXBuildFile; fileRef = B939F6D829CEE6700026F247 /* UIFont.swift */; };
		B939F6DB29CEE6D50026F247 /* UIImage.swift in Sources */ = {isa = PBXBuildFile; fileRef = B939F6DA29CEE6D50026F247 /* UIImage.swift */; };
		B939F6DF29D13FC70026F247 /* ButtonUtils.swift in Sources */ = {isa = PBXBuildFile; fileRef = B939F6DE29D13FC70026F247 /* ButtonUtils.swift */; };
		B939FB0F29D1BAA00026F247 /* PageViewController.swift in Sources */ = {isa = PBXBuildFile; fileRef = B939FB0E29D1BAA00026F247 /* PageViewController.swift */; };
		B94141AB29935A020030EEE1 /* XTActivityVIew.swift in Sources */ = {isa = PBXBuildFile; fileRef = B94141AA29935A020030EEE1 /* XTActivityVIew.swift */; };
		B94141AE29935C390030EEE1 /* Then.swift in Sources */ = {isa = PBXBuildFile; fileRef = B94141AD29935C390030EEE1 /* Then.swift */; };
		B94141B029935D940030EEE1 /* LivingViewController.swift in Sources */ = {isa = PBXBuildFile; fileRef = B94141AF29935D940030EEE1 /* LivingViewController.swift */; };
		B94141B2299369670030EEE1 /* LivingView.swift in Sources */ = {isa = PBXBuildFile; fileRef = B94141B1299369670030EEE1 /* LivingView.swift */; };
		B94141B429936AB50030EEE1 /* PixelTransformer.swift in Sources */ = {isa = PBXBuildFile; fileRef = B94141B329936AB50030EEE1 /* PixelTransformer.swift */; };
		B94141B729936BAD0030EEE1 /* UIView.swift in Sources */ = {isa = PBXBuildFile; fileRef = B94141B629936BAD0030EEE1 /* UIView.swift */; };
		B94141B92993BEFE0030EEE1 /* UIViewController.swift in Sources */ = {isa = PBXBuildFile; fileRef = B94141B82993BEFE0030EEE1 /* UIViewController.swift */; };
		B94145E52993C6D10030EEE1 /* AssociatedObject.swift in Sources */ = {isa = PBXBuildFile; fileRef = B94145E42993C6D10030EEE1 /* AssociatedObject.swift */; };
		B94145E72993C9D90030EEE1 /* Array.swift in Sources */ = {isa = PBXBuildFile; fileRef = B94145E62993C9D90030EEE1 /* Array.swift */; };
		B94145E92993CAD00030EEE1 /* CGGeometry.swift in Sources */ = {isa = PBXBuildFile; fileRef = B94145E82993CAD00030EEE1 /* CGGeometry.swift */; };
		B94145EB2993CBC10030EEE1 /* ObjcRuntime.swift in Sources */ = {isa = PBXBuildFile; fileRef = B94145EA2993CBC10030EEE1 /* ObjcRuntime.swift */; };
		B94146292994E3780030EEE1 /* RunningViewController.swift in Sources */ = {isa = PBXBuildFile; fileRef = B94146282994E3780030EEE1 /* RunningViewController.swift */; };
		B9414E802994F6D90030EEE1 /* SortViewController.swift in Sources */ = {isa = PBXBuildFile; fileRef = B9414E7F2994F6D90030EEE1 /* SortViewController.swift */; };
		B9E2F19429D2D24E004A283F /* PipViewController.swift in Sources */ = {isa = PBXBuildFile; fileRef = B9E2F19329D2D24E004A283F /* PipViewController.swift */; };
		B9E2F19A29D2EF38004A283F /* gift_demo1.mp4 in Resources */ = {isa = PBXBuildFile; fileRef = B9E2F19829D2EB22004A283F /* gift_demo1.mp4 */; };
		B9E2F19B29D2EF38004A283F /* gift_demo2.mp4 in Resources */ = {isa = PBXBuildFile; fileRef = B9E2F19729D2EB22004A283F /* gift_demo2.mp4 */; };
		B9E2F19F29D30971004A283F /* slience.mp3 in Resources */ = {isa = PBXBuildFile; fileRef = B9E2F19D29D30971004A283F /* slience.mp3 */; };
		B9E2F1A229D30B32004A283F /* gift_demo5.mp4 in Resources */ = {isa = PBXBuildFile; fileRef = B9E2F1A129D30ADC004A283F /* gift_demo5.mp4 */; };
		B9E2F1A429D311C4004A283F /* pip_video.mp4 in Resources */ = {isa = PBXBuildFile; fileRef = B9E2F1A329D311B6004A283F /* pip_video.mp4 */; };
		B9E2F1A829D34457004A283F /* PageSubViewController.swift in Sources */ = {isa = PBXBuildFile; fileRef = B9E2F1A729D34457004A283F /* PageSubViewController.swift */; };
		B9E2F1AA29D344AA004A283F /* UITableView.swift in Sources */ = {isa = PBXBuildFile; fileRef = B9E2F1A929D344AA004A283F /* UITableView.swift */; };
		B9E2F1AC29D3481A004A283F /* CustomUIScrollView.swift in Sources */ = {isa = PBXBuildFile; fileRef = B9E2F1AB29D3481A004A283F /* CustomUIScrollView.swift */; };
		B9E2F1AE29D34DBF004A283F /* CustomUITableView.swift in Sources */ = {isa = PBXBuildFile; fileRef = B9E2F1AD29D34DBF004A283F /* CustomUITableView.swift */; };
		B9E2F1B229D43144004A283F /* TestViewController.swift in Sources */ = {isa = PBXBuildFile; fileRef = B9E2F1B129D43144004A283F /* TestViewController.swift */; };
		B9E2F1B729D5C606004A283F /* PipTimerViewController.swift in Sources */ = {isa = PBXBuildFile; fileRef = B9E2F1B629D5C606004A283F /* PipTimerViewController.swift */; };
		B9E2F1B929D5C6AC004A283F /* MCGCDTimer.swift in Sources */ = {isa = PBXBuildFile; fileRef = B9E2F1B829D5C6AC004A283F /* MCGCDTimer.swift */; };
		B9E2F1BB29D5C6DD004A283F /* FloatClockView.swift in Sources */ = {isa = PBXBuildFile; fileRef = B9E2F1BA29D5C6DD004A283F /* FloatClockView.swift */; };
		B9E2F1C229D68F8E004A283F /* PlayerView.m in Sources */ = {isa = PBXBuildFile; fileRef = B9E2F1C129D68F8E004A283F /* PlayerView.m */; };
		BC73FDCC1D4B1DD700EA9503 /* PopingViewController.m in Sources */ = {isa = PBXBuildFile; fileRef = BC73FDCB1D4B1DD700EA9503 /* PopingViewController.m */; };
		BC73FDD21D4B1E0500EA9503 /* chenyao.jpg in Resources */ = {isa = PBXBuildFile; fileRef = BC73FDCE1D4B1E0500EA9503 /* chenyao.jpg */; };
		BC73FDD31D4B1E0500EA9503 /* chenyao2.jpg in Resources */ = {isa = PBXBuildFile; fileRef = BC73FDCF1D4B1E0500EA9503 /* chenyao2.jpg */; };
		BC73FDD41D4B1E0500EA9503 /* XTPopingView.m in Sources */ = {isa = PBXBuildFile; fileRef = BC73FDD11D4B1E0500EA9503 /* XTPopingView.m */; };
		BC8A9D0D1D409E0500981050 /* EmitterSnowController.m in Sources */ = {isa = PBXBuildFile; fileRef = BC8A9D0C1D409E0500981050 /* EmitterSnowController.m */; };
		BC8A9D0F1D40A0A900981050 /* snow@2x.png in Resources */ = {isa = PBXBuildFile; fileRef = BC8A9D0E1D40A0A900981050 /* snow@2x.png */; };
		BC8A9D111D40A0DE00981050 /* alpha@2x.png in Resources */ = {isa = PBXBuildFile; fileRef = BC8A9D101D40A0DE00981050 /* alpha@2x.png */; };
		BC8A9D161D40B0CA00981050 /* XTScrollLabelViewController.m in Sources */ = {isa = PBXBuildFile; fileRef = BC8A9D151D40B0CA00981050 /* XTScrollLabelViewController.m */; };
		BC8A9D191D40B0E100981050 /* XTScrollLabelView.m in Sources */ = {isa = PBXBuildFile; fileRef = BC8A9D181D40B0E100981050 /* XTScrollLabelView.m */; };
		BC8A9D1C1D40B79000981050 /* NSString+XTAdd.m in Sources */ = {isa = PBXBuildFile; fileRef = BC8A9D1B1D40B79000981050 /* NSString+XTAdd.m */; };
		BC8B4E281D376BDF009B441C /* main.m in Sources */ = {isa = PBXBuildFile; fileRef = BC8B4E271D376BDF009B441C /* main.m */; };
		BC8B4E2B1D376BDF009B441C /* AppDelegate.m in Sources */ = {isa = PBXBuildFile; fileRef = BC8B4E2A1D376BDF009B441C /* AppDelegate.m */; };
		BC8B4E311D376BDF009B441C /* Main.storyboard in Resources */ = {isa = PBXBuildFile; fileRef = BC8B4E2F1D376BDF009B441C /* Main.storyboard */; };
		BC8B4E331D376BDF009B441C /* Assets.xcassets in Resources */ = {isa = PBXBuildFile; fileRef = BC8B4E321D376BDF009B441C /* Assets.xcassets */; };
		BC8B4E361D376BDF009B441C /* LaunchScreen.storyboard in Resources */ = {isa = PBXBuildFile; fileRef = BC8B4E341D376BDF009B441C /* LaunchScreen.storyboard */; };
		BC8B4E411D376BE0009B441C /* XTAnimationsTests.m in Sources */ = {isa = PBXBuildFile; fileRef = BC8B4E401D376BE0009B441C /* XTAnimationsTests.m */; };
		BC8B4E4C1D376BE1009B441C /* XTAnimationsUITests.m in Sources */ = {isa = PBXBuildFile; fileRef = BC8B4E4B1D376BE1009B441C /* XTAnimationsUITests.m */; };
		BC8B4E621D37758B009B441C /* FFRing.png in Resources */ = {isa = PBXBuildFile; fileRef = BC8B4E5E1D37758B009B441C /* FFRing.png */; };
		BC8B4E631D37758B009B441C /* FFTspark.png in Resources */ = {isa = PBXBuildFile; fileRef = BC8B4E5F1D37758B009B441C /* FFTspark.png */; };
		BC8B4E641D37758B009B441C /* ViewController1.m in Sources */ = {isa = PBXBuildFile; fileRef = BC8B4E611D37758B009B441C /* ViewController1.m */; };
		BC8B4E681D377BE9009B441C /* XTLoveHeartView.m in Sources */ = {isa = PBXBuildFile; fileRef = BC8B4E671D377BE9009B441C /* XTLoveHeartView.m */; };
		BC8B4E6F1D377EB7009B441C /* RootViewController.m in Sources */ = {isa = PBXBuildFile; fileRef = BC8B4E6E1D377EB7009B441C /* RootViewController.m */; };
		BC8B4E721D3781BE009B441C /* XTLoveHeartViewController.m in Sources */ = {isa = PBXBuildFile; fileRef = BC8B4E711D3781BE009B441C /* XTLoveHeartViewController.m */; };
		BC8B4E741D37998D009B441C /* darong.png in Resources */ = {isa = PBXBuildFile; fileRef = BC8B4E731D37998D009B441C /* darong.png */; };
		BCE46FA21D61AAB30034CC9B /* XTPictureViewController.m in Sources */ = {isa = PBXBuildFile; fileRef = BCE46FA11D61AAB30034CC9B /* XTPictureViewController.m */; };
		BCE46FA61D61AE370034CC9B /* resource.bundle in Resources */ = {isa = PBXBuildFile; fileRef = BCE46FA51D61AE370034CC9B /* resource.bundle */; };
		BCE46FA91D61B63D0034CC9B /* XTThumbUpAnimation.m in Sources */ = {isa = PBXBuildFile; fileRef = BCE46FA81D61B63D0034CC9B /* XTThumbUpAnimation.m */; };
/* End PBXBuildFile section */

/* Begin PBXContainerItemProxy section */
		BC8B4E3D1D376BDF009B441C /* PBXContainerItemProxy */ = {
			isa = PBXContainerItemProxy;
			containerPortal = BC8B4E1B1D376BDE009B441C /* Project object */;
			proxyType = 1;
			remoteGlobalIDString = BC8B4E221D376BDE009B441C;
			remoteInfo = XTAnimations;
		};
		BC8B4E481D376BE0009B441C /* PBXContainerItemProxy */ = {
			isa = PBXContainerItemProxy;
			containerPortal = BC8B4E1B1D376BDE009B441C /* Project object */;
			proxyType = 1;
			remoteGlobalIDString = BC8B4E221D376BDE009B441C;
			remoteInfo = XTAnimations;
		};
/* End PBXContainerItemProxy section */

/* Begin PBXFileReference section */
		2EA90339B1319E5F8AC16D33 /* libPods-XTAnimations.a */ = {isa = PBXFileReference; explicitFileType = archive.ar; includeInIndex = 0; path = "libPods-XTAnimations.a"; sourceTree = BUILT_PRODUCTS_DIR; };
		6FC9E68F277B73F7C85E6569 /* Pods-XTAnimations.debug.xcconfig */ = {isa = PBXFileReference; includeInIndex = 1; lastKnownFileType = text.xcconfig; name = "Pods-XTAnimations.debug.xcconfig"; path = "Target Support Files/Pods-XTAnimations/Pods-XTAnimations.debug.xcconfig"; sourceTree = "<group>"; };
		80AC877AE046A8669099E077 /* Pods-XTAnimations.release.xcconfig */ = {isa = PBXFileReference; includeInIndex = 1; lastKnownFileType = text.xcconfig; name = "Pods-XTAnimations.release.xcconfig"; path = "Target Support Files/Pods-XTAnimations/Pods-XTAnimations.release.xcconfig"; sourceTree = "<group>"; };
		B939EE3129C611D30026F247 /* CollectionViewLayoutDemoViewController.swift */ = {isa = PBXFileReference; lastKnownFileType = sourcecode.swift; path = CollectionViewLayoutDemoViewController.swift; sourceTree = "<group>"; };
		B939EE3329C612980026F247 /* UIScreen.swift */ = {isa = PBXFileReference; lastKnownFileType = sourcecode.swift; path = UIScreen.swift; sourceTree = "<group>"; };
		B939EE3529C6133F0026F247 /* UICollectionView.swift */ = {isa = PBXFileReference; lastKnownFileType = sourcecode.swift; path = UICollectionView.swift; sourceTree = "<group>"; };
		B939EE3729C613AE0026F247 /* UIColor.swift */ = {isa = PBXFileReference; lastKnownFileType = sourcecode.swift; path = UIColor.swift; sourceTree = "<group>"; };
		B939F2AD29CE02140026F247 /* PKProgressBar.swift */ = {isa = PBXFileReference; lastKnownFileType = sourcecode.swift; path = PKProgressBar.swift; sourceTree = "<group>"; };
		B939F6D629CEE6480026F247 /* NSAttributedStringJoiner.swift */ = {isa = PBXFileReference; lastKnownFileType = sourcecode.swift; path = NSAttributedStringJoiner.swift; sourceTree = "<group>"; };
		B939F6D829CEE6700026F247 /* UIFont.swift */ = {isa = PBXFileReference; lastKnownFileType = sourcecode.swift; path = UIFont.swift; sourceTree = "<group>"; };
		B939F6DA29CEE6D50026F247 /* UIImage.swift */ = {isa = PBXFileReference; lastKnownFileType = sourcecode.swift; path = UIImage.swift; sourceTree = "<group>"; };
		B939F6DE29D13FC70026F247 /* ButtonUtils.swift */ = {isa = PBXFileReference; lastKnownFileType = sourcecode.swift; path = ButtonUtils.swift; sourceTree = "<group>"; };
		B939FB0E29D1BAA00026F247 /* PageViewController.swift */ = {isa = PBXFileReference; lastKnownFileType = sourcecode.swift; path = PageViewController.swift; sourceTree = "<group>"; };
		B94141A929935A020030EEE1 /* XTAnimations-Bridging-Header.h */ = {isa = PBXFileReference; lastKnownFileType = sourcecode.c.h; path = "XTAnimations-Bridging-Header.h"; sourceTree = "<group>"; };
		B94141AA29935A020030EEE1 /* XTActivityVIew.swift */ = {isa = PBXFileReference; lastKnownFileType = sourcecode.swift; path = XTActivityVIew.swift; sourceTree = "<group>"; };
		B94141AD29935C390030EEE1 /* Then.swift */ = {isa = PBXFileReference; lastKnownFileType = sourcecode.swift; path = Then.swift; sourceTree = "<group>"; };
		B94141AF29935D940030EEE1 /* LivingViewController.swift */ = {isa = PBXFileReference; lastKnownFileType = sourcecode.swift; path = LivingViewController.swift; sourceTree = "<group>"; };
		B94141B1299369670030EEE1 /* LivingView.swift */ = {isa = PBXFileReference; lastKnownFileType = sourcecode.swift; path = LivingView.swift; sourceTree = "<group>"; };
		B94141B329936AB50030EEE1 /* PixelTransformer.swift */ = {isa = PBXFileReference; lastKnownFileType = sourcecode.swift; path = PixelTransformer.swift; sourceTree = "<group>"; };
		B94141B629936BAD0030EEE1 /* UIView.swift */ = {isa = PBXFileReference; lastKnownFileType = sourcecode.swift; path = UIView.swift; sourceTree = "<group>"; };
		B94141B82993BEFE0030EEE1 /* UIViewController.swift */ = {isa = PBXFileReference; lastKnownFileType = sourcecode.swift; path = UIViewController.swift; sourceTree = "<group>"; };
		B94145E42993C6D10030EEE1 /* AssociatedObject.swift */ = {isa = PBXFileReference; lastKnownFileType = sourcecode.swift; path = AssociatedObject.swift; sourceTree = "<group>"; };
		B94145E62993C9D90030EEE1 /* Array.swift */ = {isa = PBXFileReference; lastKnownFileType = sourcecode.swift; path = Array.swift; sourceTree = "<group>"; };
		B94145E82993CAD00030EEE1 /* CGGeometry.swift */ = {isa = PBXFileReference; lastKnownFileType = sourcecode.swift; path = CGGeometry.swift; sourceTree = "<group>"; };
		B94145EA2993CBC10030EEE1 /* ObjcRuntime.swift */ = {isa = PBXFileReference; lastKnownFileType = sourcecode.swift; path = ObjcRuntime.swift; sourceTree = "<group>"; };
		B94146282994E3780030EEE1 /* RunningViewController.swift */ = {isa = PBXFileReference; lastKnownFileType = sourcecode.swift; path = RunningViewController.swift; sourceTree = "<group>"; };
		B9414E7F2994F6D90030EEE1 /* SortViewController.swift */ = {isa = PBXFileReference; lastKnownFileType = sourcecode.swift; path = SortViewController.swift; sourceTree = "<group>"; };
		B9E2F19329D2D24E004A283F /* PipViewController.swift */ = {isa = PBXFileReference; lastKnownFileType = sourcecode.swift; path = PipViewController.swift; sourceTree = "<group>"; };
		B9E2F19729D2EB22004A283F /* gift_demo2.mp4 */ = {isa = PBXFileReference; lastKnownFileType = file; path = gift_demo2.mp4; sourceTree = "<group>"; };
		B9E2F19829D2EB22004A283F /* gift_demo1.mp4 */ = {isa = PBXFileReference; lastKnownFileType = file; path = gift_demo1.mp4; sourceTree = "<group>"; };
		B9E2F19D29D30971004A283F /* slience.mp3 */ = {isa = PBXFileReference; lastKnownFileType = audio.mp3; path = slience.mp3; sourceTree = "<group>"; };
		B9E2F1A129D30ADC004A283F /* gift_demo5.mp4 */ = {isa = PBXFileReference; lastKnownFileType = file; path = gift_demo5.mp4; sourceTree = "<group>"; };
		B9E2F1A329D311B6004A283F /* pip_video.mp4 */ = {isa = PBXFileReference; lastKnownFileType = file; path = pip_video.mp4; sourceTree = "<group>"; };
		B9E2F1A729D34457004A283F /* PageSubViewController.swift */ = {isa = PBXFileReference; lastKnownFileType = sourcecode.swift; path = PageSubViewController.swift; sourceTree = "<group>"; };
		B9E2F1A929D344AA004A283F /* UITableView.swift */ = {isa = PBXFileReference; lastKnownFileType = sourcecode.swift; path = UITableView.swift; sourceTree = "<group>"; };
		B9E2F1AB29D3481A004A283F /* CustomUIScrollView.swift */ = {isa = PBXFileReference; lastKnownFileType = sourcecode.swift; path = CustomUIScrollView.swift; sourceTree = "<group>"; };
		B9E2F1AD29D34DBF004A283F /* CustomUITableView.swift */ = {isa = PBXFileReference; lastKnownFileType = sourcecode.swift; path = CustomUITableView.swift; sourceTree = "<group>"; };
		B9E2F1B129D43144004A283F /* TestViewController.swift */ = {isa = PBXFileReference; lastKnownFileType = sourcecode.swift; path = TestViewController.swift; sourceTree = "<group>"; };
		B9E2F1B629D5C606004A283F /* PipTimerViewController.swift */ = {isa = PBXFileReference; lastKnownFileType = sourcecode.swift; path = PipTimerViewController.swift; sourceTree = "<group>"; };
		B9E2F1B829D5C6AC004A283F /* MCGCDTimer.swift */ = {isa = PBXFileReference; lastKnownFileType = sourcecode.swift; path = MCGCDTimer.swift; sourceTree = "<group>"; };
		B9E2F1BA29D5C6DD004A283F /* FloatClockView.swift */ = {isa = PBXFileReference; lastKnownFileType = sourcecode.swift; path = FloatClockView.swift; sourceTree = "<group>"; };
		B9E2F1C029D68F8E004A283F /* PlayerView.h */ = {isa = PBXFileReference; lastKnownFileType = sourcecode.c.h; path = PlayerView.h; sourceTree = "<group>"; };
		B9E2F1C129D68F8E004A283F /* PlayerView.m */ = {isa = PBXFileReference; lastKnownFileType = sourcecode.c.objc; path = PlayerView.m; sourceTree = "<group>"; };
		BC73FDCA1D4B1DD700EA9503 /* PopingViewController.h */ = {isa = PBXFileReference; fileEncoding = 4; lastKnownFileType = sourcecode.c.h; path = PopingViewController.h; sourceTree = "<group>"; };
		BC73FDCB1D4B1DD700EA9503 /* PopingViewController.m */ = {isa = PBXFileReference; fileEncoding = 4; lastKnownFileType = sourcecode.c.objc; path = PopingViewController.m; sourceTree = "<group>"; };
		BC73FDCE1D4B1E0500EA9503 /* chenyao.jpg */ = {isa = PBXFileReference; lastKnownFileType = image.jpeg; path = chenyao.jpg; sourceTree = "<group>"; };
		BC73FDCF1D4B1E0500EA9503 /* chenyao2.jpg */ = {isa = PBXFileReference; lastKnownFileType = image.jpeg; path = chenyao2.jpg; sourceTree = "<group>"; };
		BC73FDD01D4B1E0500EA9503 /* XTPopingView.h */ = {isa = PBXFileReference; fileEncoding = 4; lastKnownFileType = sourcecode.c.h; path = XTPopingView.h; sourceTree = "<group>"; };
		BC73FDD11D4B1E0500EA9503 /* XTPopingView.m */ = {isa = PBXFileReference; fileEncoding = 4; lastKnownFileType = sourcecode.c.objc; path = XTPopingView.m; sourceTree = "<group>"; };
		BC8A9D0B1D409E0500981050 /* EmitterSnowController.h */ = {isa = PBXFileReference; fileEncoding = 4; lastKnownFileType = sourcecode.c.h; path = EmitterSnowController.h; sourceTree = "<group>"; };
		BC8A9D0C1D409E0500981050 /* EmitterSnowController.m */ = {isa = PBXFileReference; fileEncoding = 4; lastKnownFileType = sourcecode.c.objc; path = EmitterSnowController.m; sourceTree = "<group>"; };
		BC8A9D0E1D40A0A900981050 /* snow@2x.png */ = {isa = PBXFileReference; lastKnownFileType = image.png; path = "snow@2x.png"; sourceTree = "<group>"; };
		BC8A9D101D40A0DE00981050 /* alpha@2x.png */ = {isa = PBXFileReference; lastKnownFileType = image.png; path = "alpha@2x.png"; sourceTree = "<group>"; };
		BC8A9D141D40B0CA00981050 /* XTScrollLabelViewController.h */ = {isa = PBXFileReference; fileEncoding = 4; lastKnownFileType = sourcecode.c.h; path = XTScrollLabelViewController.h; sourceTree = "<group>"; };
		BC8A9D151D40B0CA00981050 /* XTScrollLabelViewController.m */ = {isa = PBXFileReference; fileEncoding = 4; lastKnownFileType = sourcecode.c.objc; path = XTScrollLabelViewController.m; sourceTree = "<group>"; };
		BC8A9D171D40B0E100981050 /* XTScrollLabelView.h */ = {isa = PBXFileReference; fileEncoding = 4; lastKnownFileType = sourcecode.c.h; path = XTScrollLabelView.h; sourceTree = "<group>"; };
		BC8A9D181D40B0E100981050 /* XTScrollLabelView.m */ = {isa = PBXFileReference; fileEncoding = 4; lastKnownFileType = sourcecode.c.objc; path = XTScrollLabelView.m; sourceTree = "<group>"; };
		BC8A9D1A1D40B79000981050 /* NSString+XTAdd.h */ = {isa = PBXFileReference; fileEncoding = 4; lastKnownFileType = sourcecode.c.h; path = "NSString+XTAdd.h"; sourceTree = "<group>"; };
		BC8A9D1B1D40B79000981050 /* NSString+XTAdd.m */ = {isa = PBXFileReference; fileEncoding = 4; lastKnownFileType = sourcecode.c.objc; path = "NSString+XTAdd.m"; sourceTree = "<group>"; };
		BC8B4E231D376BDE009B441C /* XTAnimations.app */ = {isa = PBXFileReference; explicitFileType = wrapper.application; includeInIndex = 0; path = XTAnimations.app; sourceTree = BUILT_PRODUCTS_DIR; };
		BC8B4E271D376BDF009B441C /* main.m */ = {isa = PBXFileReference; lastKnownFileType = sourcecode.c.objc; path = main.m; sourceTree = "<group>"; };
		BC8B4E291D376BDF009B441C /* AppDelegate.h */ = {isa = PBXFileReference; lastKnownFileType = sourcecode.c.h; path = AppDelegate.h; sourceTree = "<group>"; };
		BC8B4E2A1D376BDF009B441C /* AppDelegate.m */ = {isa = PBXFileReference; lastKnownFileType = sourcecode.c.objc; path = AppDelegate.m; sourceTree = "<group>"; };
		BC8B4E301D376BDF009B441C /* Base */ = {isa = PBXFileReference; lastKnownFileType = file.storyboard; name = Base; path = Base.lproj/Main.storyboard; sourceTree = "<group>"; };
		BC8B4E321D376BDF009B441C /* Assets.xcassets */ = {isa = PBXFileReference; lastKnownFileType = folder.assetcatalog; path = Assets.xcassets; sourceTree = "<group>"; };
		BC8B4E351D376BDF009B441C /* Base */ = {isa = PBXFileReference; lastKnownFileType = file.storyboard; name = Base; path = Base.lproj/LaunchScreen.storyboard; sourceTree = "<group>"; };
		BC8B4E371D376BDF009B441C /* Info.plist */ = {isa = PBXFileReference; lastKnownFileType = text.plist.xml; path = Info.plist; sourceTree = "<group>"; };
		BC8B4E3C1D376BDF009B441C /* XTAnimationsTests.xctest */ = {isa = PBXFileReference; explicitFileType = wrapper.cfbundle; includeInIndex = 0; path = XTAnimationsTests.xctest; sourceTree = BUILT_PRODUCTS_DIR; };
		BC8B4E401D376BE0009B441C /* XTAnimationsTests.m */ = {isa = PBXFileReference; lastKnownFileType = sourcecode.c.objc; path = XTAnimationsTests.m; sourceTree = "<group>"; };
		BC8B4E421D376BE0009B441C /* Info.plist */ = {isa = PBXFileReference; lastKnownFileType = text.plist.xml; path = Info.plist; sourceTree = "<group>"; };
		BC8B4E471D376BE0009B441C /* XTAnimationsUITests.xctest */ = {isa = PBXFileReference; explicitFileType = wrapper.cfbundle; includeInIndex = 0; path = XTAnimationsUITests.xctest; sourceTree = BUILT_PRODUCTS_DIR; };
		BC8B4E4B1D376BE1009B441C /* XTAnimationsUITests.m */ = {isa = PBXFileReference; lastKnownFileType = sourcecode.c.objc; path = XTAnimationsUITests.m; sourceTree = "<group>"; };
		BC8B4E4D1D376BE1009B441C /* Info.plist */ = {isa = PBXFileReference; lastKnownFileType = text.plist.xml; path = Info.plist; sourceTree = "<group>"; };
		BC8B4E5E1D37758B009B441C /* FFRing.png */ = {isa = PBXFileReference; lastKnownFileType = image.png; path = FFRing.png; sourceTree = "<group>"; };
		BC8B4E5F1D37758B009B441C /* FFTspark.png */ = {isa = PBXFileReference; lastKnownFileType = image.png; path = FFTspark.png; sourceTree = "<group>"; };
		BC8B4E601D37758B009B441C /* ViewController1.h */ = {isa = PBXFileReference; fileEncoding = 4; lastKnownFileType = sourcecode.c.h; path = ViewController1.h; sourceTree = "<group>"; };
		BC8B4E611D37758B009B441C /* ViewController1.m */ = {isa = PBXFileReference; fileEncoding = 4; lastKnownFileType = sourcecode.c.objc; path = ViewController1.m; sourceTree = "<group>"; };
		BC8B4E661D377BE9009B441C /* XTLoveHeartView.h */ = {isa = PBXFileReference; fileEncoding = 4; lastKnownFileType = sourcecode.c.h; path = XTLoveHeartView.h; sourceTree = "<group>"; };
		BC8B4E671D377BE9009B441C /* XTLoveHeartView.m */ = {isa = PBXFileReference; fileEncoding = 4; lastKnownFileType = sourcecode.c.objc; path = XTLoveHeartView.m; sourceTree = "<group>"; };
		BC8B4E6D1D377EB7009B441C /* RootViewController.h */ = {isa = PBXFileReference; fileEncoding = 4; lastKnownFileType = sourcecode.c.h; path = RootViewController.h; sourceTree = "<group>"; };
		BC8B4E6E1D377EB7009B441C /* RootViewController.m */ = {isa = PBXFileReference; fileEncoding = 4; lastKnownFileType = sourcecode.c.objc; path = RootViewController.m; sourceTree = "<group>"; };
		BC8B4E701D3781BE009B441C /* XTLoveHeartViewController.h */ = {isa = PBXFileReference; fileEncoding = 4; lastKnownFileType = sourcecode.c.h; path = XTLoveHeartViewController.h; sourceTree = "<group>"; };
		BC8B4E711D3781BE009B441C /* XTLoveHeartViewController.m */ = {isa = PBXFileReference; fileEncoding = 4; lastKnownFileType = sourcecode.c.objc; path = XTLoveHeartViewController.m; sourceTree = "<group>"; };
		BC8B4E731D37998D009B441C /* darong.png */ = {isa = PBXFileReference; lastKnownFileType = image.png; path = darong.png; sourceTree = "<group>"; };
		BCE46FA01D61AAB30034CC9B /* XTPictureViewController.h */ = {isa = PBXFileReference; fileEncoding = 4; lastKnownFileType = sourcecode.c.h; path = XTPictureViewController.h; sourceTree = "<group>"; };
		BCE46FA11D61AAB30034CC9B /* XTPictureViewController.m */ = {isa = PBXFileReference; fileEncoding = 4; lastKnownFileType = sourcecode.c.objc; path = XTPictureViewController.m; sourceTree = "<group>"; };
		BCE46FA51D61AE370034CC9B /* resource.bundle */ = {isa = PBXFileReference; lastKnownFileType = "wrapper.plug-in"; path = resource.bundle; sourceTree = "<group>"; };
		BCE46FA71D61B63D0034CC9B /* XTThumbUpAnimation.h */ = {isa = PBXFileReference; fileEncoding = 4; lastKnownFileType = sourcecode.c.h; path = XTThumbUpAnimation.h; sourceTree = "<group>"; };
		BCE46FA81D61B63D0034CC9B /* XTThumbUpAnimation.m */ = {isa = PBXFileReference; fileEncoding = 4; lastKnownFileType = sourcecode.c.objc; path = XTThumbUpAnimation.m; sourceTree = "<group>"; };
/* End PBXFileReference section */

/* Begin PBXFrameworksBuildPhase section */
		BC8B4E201D376BDE009B441C /* Frameworks */ = {
			isa = PBXFrameworksBuildPhase;
			buildActionMask = 2147483647;
			files = (
				B71D3D70EABC8BC32F76B4FA /* libPods-XTAnimations.a in Frameworks */,
			);
			runOnlyForDeploymentPostprocessing = 0;
		};
		BC8B4E391D376BDF009B441C /* Frameworks */ = {
			isa = PBXFrameworksBuildPhase;
			buildActionMask = 2147483647;
			files = (
			);
			runOnlyForDeploymentPostprocessing = 0;
		};
		BC8B4E441D376BE0009B441C /* Frameworks */ = {
			isa = PBXFrameworksBuildPhase;
			buildActionMask = 2147483647;
			files = (
			);
			runOnlyForDeploymentPostprocessing = 0;
		};
/* End PBXFrameworksBuildPhase section */

/* Begin PBXGroup section */
		1F071F2C3EA123A27770B4E3 /* Frameworks */ = {
			isa = PBXGroup;
			children = (
				2EA90339B1319E5F8AC16D33 /* libPods-XTAnimations.a */,
			);
			name = Frameworks;
			sourceTree = "<group>";
		};
		81CD0379684C2C3179472FE0 /* Pods */ = {
			isa = PBXGroup;
			children = (
				6FC9E68F277B73F7C85E6569 /* Pods-XTAnimations.debug.xcconfig */,
				80AC877AE046A8669099E077 /* Pods-XTAnimations.release.xcconfig */,
			);
			path = Pods;
			sourceTree = "<group>";
		};
		B939EE3029C611A10026F247 /* CollectionView填充布局 */ = {
			isa = PBXGroup;
			children = (
				B939EE3129C611D30026F247 /* CollectionViewLayoutDemoViewController.swift */,
			);
			path = "CollectionView填充布局";
			sourceTree = "<group>";
		};
		B939FB0D29D1BA810026F247 /* UIPageVC */ = {
			isa = PBXGroup;
			children = (
				B939FB0E29D1BAA00026F247 /* PageViewController.swift */,
				B9E2F1A729D34457004A283F /* PageSubViewController.swift */,
				B9E2F1AB29D3481A004A283F /* CustomUIScrollView.swift */,
				B9E2F1AD29D34DBF004A283F /* CustomUITableView.swift */,
				B9E2F1B129D43144004A283F /* TestViewController.swift */,
			);
			path = UIPageVC;
			sourceTree = "<group>";
		};
		B9413D7E299357170030EEE1 /* 直播状态动画 */ = {
			isa = PBXGroup;
			children = (
				B94141AA29935A020030EEE1 /* XTActivityVIew.swift */,
				B94141B1299369670030EEE1 /* LivingView.swift */,
				B94141AF29935D940030EEE1 /* LivingViewController.swift */,
				B939F2AD29CE02140026F247 /* PKProgressBar.swift */,
			);
			path = "直播状态动画";
			sourceTree = "<group>";
		};
		B94141AC29935A150030EEE1 /* XTFoundationSwift */ = {
			isa = PBXGroup;
			children = (
				B94141A929935A020030EEE1 /* XTAnimations-Bridging-Header.h */,
				B94141AD29935C390030EEE1 /* Then.swift */,
				B94141B329936AB50030EEE1 /* PixelTransformer.swift */,
				B94145E42993C6D10030EEE1 /* AssociatedObject.swift */,
				B94145E62993C9D90030EEE1 /* Array.swift */,
				B94145E82993CAD00030EEE1 /* CGGeometry.swift */,
				B94145EA2993CBC10030EEE1 /* ObjcRuntime.swift */,
				B939F6D629CEE6480026F247 /* NSAttributedStringJoiner.swift */,
			);
			path = XTFoundationSwift;
			sourceTree = "<group>";
		};
		B94141B529936B960030EEE1 /* XTUIKitSwift */ = {
			isa = PBXGroup;
			children = (
				B94141B629936BAD0030EEE1 /* UIView.swift */,
				B94141B82993BEFE0030EEE1 /* UIViewController.swift */,
				B939EE3329C612980026F247 /* UIScreen.swift */,
				B939EE3529C6133F0026F247 /* UICollectionView.swift */,
				B939EE3729C613AE0026F247 /* UIColor.swift */,
				B939F6D829CEE6700026F247 /* UIFont.swift */,
				B939F6DA29CEE6D50026F247 /* UIImage.swift */,
				B939F6DE29D13FC70026F247 /* ButtonUtils.swift */,
				B9E2F1A929D344AA004A283F /* UITableView.swift */,
			);
			path = XTUIKitSwift;
			sourceTree = "<group>";
		};
		B94146272994E3480030EEE1 /* 简单跑马灯 */ = {
			isa = PBXGroup;
			children = (
				B94146282994E3780030EEE1 /* RunningViewController.swift */,
			);
			path = "简单跑马灯";
			sourceTree = "<group>";
		};
		B9414E7E2994F6C50030EEE1 /* 排序算法的实现 */ = {
			isa = PBXGroup;
			children = (
				B9414E7F2994F6D90030EEE1 /* SortViewController.swift */,
			);
			path = "排序算法的实现";
			sourceTree = "<group>";
		};
		B9E2F19229D2D246004A283F /* 画中画视频 */ = {
			isa = PBXGroup;
			children = (
				B9E2F19329D2D24E004A283F /* PipViewController.swift */,
				B9E2F1C029D68F8E004A283F /* PlayerView.h */,
				B9E2F1C129D68F8E004A283F /* PlayerView.m */,
			);
			path = "画中画视频";
			sourceTree = "<group>";
		};
		B9E2F1B529D5C5E3004A283F /* 画中画Timer */ = {
			isa = PBXGroup;
			children = (
				B9E2F1B629D5C606004A283F /* PipTimerViewController.swift */,
				B9E2F1B829D5C6AC004A283F /* MCGCDTimer.swift */,
				B9E2F1BA29D5C6DD004A283F /* FloatClockView.swift */,
			);
			path = "画中画Timer";
			sourceTree = "<group>";
		};
		BC73FDC81D4B1DC200EA9503 /* POP实践 */ = {
			isa = PBXGroup;
			children = (
				BC73FDC91D4B1DC200EA9503 /* POP-01 */,
			);
			path = "POP实践";
			sourceTree = "<group>";
		};
		BC73FDC91D4B1DC200EA9503 /* POP-01 */ = {
			isa = PBXGroup;
			children = (
				BC73FDCD1D4B1DEC00EA9503 /* PopingView */,
				BC73FDCA1D4B1DD700EA9503 /* PopingViewController.h */,
				BC73FDCB1D4B1DD700EA9503 /* PopingViewController.m */,
			);
			path = "POP-01";
			sourceTree = "<group>";
		};
		BC73FDCD1D4B1DEC00EA9503 /* PopingView */ = {
			isa = PBXGroup;
			children = (
				BC73FDCE1D4B1E0500EA9503 /* chenyao.jpg */,
				BC73FDCF1D4B1E0500EA9503 /* chenyao2.jpg */,
				BC73FDD01D4B1E0500EA9503 /* XTPopingView.h */,
				BC73FDD11D4B1E0500EA9503 /* XTPopingView.m */,
			);
			name = PopingView;
			path = View;
			sourceTree = "<group>";
		};
		BC8A9D0A1D409DE100981050 /* 雪花效果 */ = {
			isa = PBXGroup;
			children = (
				BC8A9D101D40A0DE00981050 /* alpha@2x.png */,
				BC8A9D0E1D40A0A900981050 /* snow@2x.png */,
				BC8A9D0B1D409E0500981050 /* EmitterSnowController.h */,
				BC8A9D0C1D409E0500981050 /* EmitterSnowController.m */,
			);
			path = "雪花效果";
			sourceTree = "<group>";
		};
		BC8A9D131D40AFDA00981050 /* 跑马灯效果 */ = {
			isa = PBXGroup;
			children = (
				BC8A9D141D40B0CA00981050 /* XTScrollLabelViewController.h */,
				BC8A9D151D40B0CA00981050 /* XTScrollLabelViewController.m */,
				BC8A9D171D40B0E100981050 /* XTScrollLabelView.h */,
				BC8A9D181D40B0E100981050 /* XTScrollLabelView.m */,
				BC8A9D1A1D40B79000981050 /* NSString+XTAdd.h */,
				BC8A9D1B1D40B79000981050 /* NSString+XTAdd.m */,
			);
			path = "跑马灯效果";
			sourceTree = "<group>";
		};
		BC8B4E1A1D376BDE009B441C = {
			isa = PBXGroup;
			children = (
				BC8B4E251D376BDF009B441C /* XTAnimations */,
				BC8B4E3F1D376BDF009B441C /* XTAnimationsTests */,
				BC8B4E4A1D376BE0009B441C /* XTAnimationsUITests */,
				BC8B4E241D376BDE009B441C /* Products */,
				81CD0379684C2C3179472FE0 /* Pods */,
				1F071F2C3EA123A27770B4E3 /* Frameworks */,
			);
			sourceTree = "<group>";
		};
		BC8B4E241D376BDE009B441C /* Products */ = {
			isa = PBXGroup;
			children = (
				BC8B4E231D376BDE009B441C /* XTAnimations.app */,
				BC8B4E3C1D376BDF009B441C /* XTAnimationsTests.xctest */,
				BC8B4E471D376BE0009B441C /* XTAnimationsUITests.xctest */,
			);
			name = Products;
			sourceTree = "<group>";
		};
		BC8B4E251D376BDF009B441C /* XTAnimations */ = {
			isa = PBXGroup;
			children = (
				B9E2F1B529D5C5E3004A283F /* 画中画Timer */,
				B9E2F19229D2D246004A283F /* 画中画视频 */,
				BC8B4E6C1D377EB7009B441C /* RootViewController */,
				B939FB0D29D1BA810026F247 /* UIPageVC */,
				B939EE3029C611A10026F247 /* CollectionView填充布局 */,
				B9414E7E2994F6C50030EEE1 /* 排序算法的实现 */,
				B94146272994E3480030EEE1 /* 简单跑马灯 */,
				B94141B529936B960030EEE1 /* XTUIKitSwift */,
				B94141AC29935A150030EEE1 /* XTFoundationSwift */,
				B9413D7E299357170030EEE1 /* 直播状态动画 */,
				BCE46F9F1D61AA980034CC9B /* 直播图片动画 */,
				BC73FDC81D4B1DC200EA9503 /* POP实践 */,
				BC8A9D131D40AFDA00981050 /* 跑马灯效果 */,
				BC8A9D0A1D409DE100981050 /* 雪花效果 */,
				BC8B4E651D37784C009B441C /* YY直播点赞 */,
				BC8B4E5D1D37758B009B441C /* 烟花 */,
				BC8B4E291D376BDF009B441C /* AppDelegate.h */,
				BC8B4E2A1D376BDF009B441C /* AppDelegate.m */,
				BC8B4E2F1D376BDF009B441C /* Main.storyboard */,
				BC8B4E321D376BDF009B441C /* Assets.xcassets */,
				BC8B4E341D376BDF009B441C /* LaunchScreen.storyboard */,
				BC8B4E371D376BDF009B441C /* Info.plist */,
				BC8B4E261D376BDF009B441C /* Supporting Files */,
			);
			path = XTAnimations;
			sourceTree = "<group>";
		};
		BC8B4E261D376BDF009B441C /* Supporting Files */ = {
			isa = PBXGroup;
			children = (
				B9E2F1A329D311B6004A283F /* pip_video.mp4 */,
				B9E2F19D29D30971004A283F /* slience.mp3 */,
				B9E2F1A129D30ADC004A283F /* gift_demo5.mp4 */,
				B9E2F19829D2EB22004A283F /* gift_demo1.mp4 */,
				B9E2F19729D2EB22004A283F /* gift_demo2.mp4 */,
				BC8B4E271D376BDF009B441C /* main.m */,
			);
			name = "Supporting Files";
			sourceTree = "<group>";
		};
		BC8B4E3F1D376BDF009B441C /* XTAnimationsTests */ = {
			isa = PBXGroup;
			children = (
				BC8B4E401D376BE0009B441C /* XTAnimationsTests.m */,
				BC8B4E421D376BE0009B441C /* Info.plist */,
			);
			path = XTAnimationsTests;
			sourceTree = "<group>";
		};
		BC8B4E4A1D376BE0009B441C /* XTAnimationsUITests */ = {
			isa = PBXGroup;
			children = (
				BC8B4E4B1D376BE1009B441C /* XTAnimationsUITests.m */,
				BC8B4E4D1D376BE1009B441C /* Info.plist */,
			);
			path = XTAnimationsUITests;
			sourceTree = "<group>";
		};
		BC8B4E5D1D37758B009B441C /* 烟花 */ = {
			isa = PBXGroup;
			children = (
				BC8B4E5E1D37758B009B441C /* FFRing.png */,
				BC8B4E5F1D37758B009B441C /* FFTspark.png */,
				BC8B4E601D37758B009B441C /* ViewController1.h */,
				BC8B4E611D37758B009B441C /* ViewController1.m */,
			);
			path = "烟花";
			sourceTree = "<group>";
		};
		BC8B4E651D37784C009B441C /* YY直播点赞 */ = {
			isa = PBXGroup;
			children = (
				BC8B4E731D37998D009B441C /* darong.png */,
				BC8B4E661D377BE9009B441C /* XTLoveHeartView.h */,
				BC8B4E671D377BE9009B441C /* XTLoveHeartView.m */,
				BC8B4E701D3781BE009B441C /* XTLoveHeartViewController.h */,
				BC8B4E711D3781BE009B441C /* XTLoveHeartViewController.m */,
			);
			path = "YY直播点赞";
			sourceTree = "<group>";
		};
		BC8B4E6C1D377EB7009B441C /* RootViewController */ = {
			isa = PBXGroup;
			children = (
				BC8B4E6D1D377EB7009B441C /* RootViewController.h */,
				BC8B4E6E1D377EB7009B441C /* RootViewController.m */,
			);
			path = RootViewController;
			sourceTree = "<group>";
		};
		BCE46F9F1D61AA980034CC9B /* 直播图片动画 */ = {
			isa = PBXGroup;
			children = (
				BCE46FA51D61AE370034CC9B /* resource.bundle */,
				BCE46FA01D61AAB30034CC9B /* XTPictureViewController.h */,
				BCE46FA11D61AAB30034CC9B /* XTPictureViewController.m */,
				BCE46FA71D61B63D0034CC9B /* XTThumbUpAnimation.h */,
				BCE46FA81D61B63D0034CC9B /* XTThumbUpAnimation.m */,
			);
			path = "直播图片动画";
			sourceTree = "<group>";
		};
/* End PBXGroup section */

/* Begin PBXNativeTarget section */
		BC8B4E221D376BDE009B441C /* XTAnimations */ = {
			isa = PBXNativeTarget;
			buildConfigurationList = BC8B4E501D376BE1009B441C /* Build configuration list for PBXNativeTarget "XTAnimations" */;
			buildPhases = (
				1ADE84B927412E2CFB055CF7 /* [CP] Check Pods Manifest.lock */,
				BC8B4E1F1D376BDE009B441C /* Sources */,
				BC8B4E201D376BDE009B441C /* Frameworks */,
				BC8B4E211D376BDE009B441C /* Resources */,
				9A050FC3699EFB14F950624D /* [CP] Copy Pods Resources */,
			);
			buildRules = (
			);
			dependencies = (
			);
			name = XTAnimations;
			productName = XTAnimations;
			productReference = BC8B4E231D376BDE009B441C /* XTAnimations.app */;
			productType = "com.apple.product-type.application";
		};
		BC8B4E3B1D376BDF009B441C /* XTAnimationsTests */ = {
			isa = PBXNativeTarget;
			buildConfigurationList = BC8B4E531D376BE1009B441C /* Build configuration list for PBXNativeTarget "XTAnimationsTests" */;
			buildPhases = (
				BC8B4E381D376BDF009B441C /* Sources */,
				BC8B4E391D376BDF009B441C /* Frameworks */,
				BC8B4E3A1D376BDF009B441C /* Resources */,
			);
			buildRules = (
			);
			dependencies = (
				BC8B4E3E1D376BDF009B441C /* PBXTargetDependency */,
			);
			name = XTAnimationsTests;
			productName = XTAnimationsTests;
			productReference = BC8B4E3C1D376BDF009B441C /* XTAnimationsTests.xctest */;
			productType = "com.apple.product-type.bundle.unit-test";
		};
		BC8B4E461D376BE0009B441C /* XTAnimationsUITests */ = {
			isa = PBXNativeTarget;
			buildConfigurationList = BC8B4E561D376BE1009B441C /* Build configuration list for PBXNativeTarget "XTAnimationsUITests" */;
			buildPhases = (
				BC8B4E431D376BE0009B441C /* Sources */,
				BC8B4E441D376BE0009B441C /* Frameworks */,
				BC8B4E451D376BE0009B441C /* Resources */,
			);
			buildRules = (
			);
			dependencies = (
				BC8B4E491D376BE0009B441C /* PBXTargetDependency */,
			);
			name = XTAnimationsUITests;
			productName = XTAnimationsUITests;
			productReference = BC8B4E471D376BE0009B441C /* XTAnimationsUITests.xctest */;
			productType = "com.apple.product-type.bundle.ui-testing";
		};
/* End PBXNativeTarget section */

/* Begin PBXProject section */
		BC8B4E1B1D376BDE009B441C /* Project object */ = {
			isa = PBXProject;
			attributes = {
				LastUpgradeCheck = 0730;
				ORGANIZATIONNAME = "夏天然后";
				TargetAttributes = {
					BC8B4E221D376BDE009B441C = {
						CreatedOnToolsVersion = 7.3;
						DevelopmentTeam = 8XEUVFYSL4;
						LastSwiftMigration = 1420;
					};
					BC8B4E3B1D376BDF009B441C = {
						CreatedOnToolsVersion = 7.3;
						TestTargetID = BC8B4E221D376BDE009B441C;
					};
					BC8B4E461D376BE0009B441C = {
						CreatedOnToolsVersion = 7.3;
						TestTargetID = BC8B4E221D376BDE009B441C;
					};
				};
			};
			buildConfigurationList = BC8B4E1E1D376BDE009B441C /* Build configuration list for PBXProject "XTAnimations" */;
			compatibilityVersion = "Xcode 3.2";
			developmentRegion = English;
			hasScannedForEncodings = 0;
			knownRegions = (
				English,
				en,
				Base,
			);
			mainGroup = BC8B4E1A1D376BDE009B441C;
			productRefGroup = BC8B4E241D376BDE009B441C /* Products */;
			projectDirPath = "";
			projectRoot = "";
			targets = (
				BC8B4E221D376BDE009B441C /* XTAnimations */,
				BC8B4E3B1D376BDF009B441C /* XTAnimationsTests */,
				BC8B4E461D376BE0009B441C /* XTAnimationsUITests */,
			);
		};
/* End PBXProject section */

/* Begin PBXResourcesBuildPhase section */
		BC8B4E211D376BDE009B441C /* Resources */ = {
			isa = PBXResourcesBuildPhase;
			buildActionMask = 2147483647;
			files = (
				B9E2F1A429D311C4004A283F /* pip_video.mp4 in Resources */,
				B9E2F1A229D30B32004A283F /* gift_demo5.mp4 in Resources */,
				B9E2F19A29D2EF38004A283F /* gift_demo1.mp4 in Resources */,
				B9E2F19B29D2EF38004A283F /* gift_demo2.mp4 in Resources */,
				B9E2F19F29D30971004A283F /* slience.mp3 in Resources */,
				BC8B4E741D37998D009B441C /* darong.png in Resources */,
				BC73FDD21D4B1E0500EA9503 /* chenyao.jpg in Resources */,
				BCE46FA61D61AE370034CC9B /* resource.bundle in Resources */,
				BC8A9D0F1D40A0A900981050 /* snow@2x.png in Resources */,
				BC8B4E361D376BDF009B441C /* LaunchScreen.storyboard in Resources */,
				BC8B4E621D37758B009B441C /* FFRing.png in Resources */,
				BC8B4E331D376BDF009B441C /* Assets.xcassets in Resources */,
				BC73FDD31D4B1E0500EA9503 /* chenyao2.jpg in Resources */,
				BC8B4E631D37758B009B441C /* FFTspark.png in Resources */,
				BC8B4E311D376BDF009B441C /* Main.storyboard in Resources */,
				BC8A9D111D40A0DE00981050 /* alpha@2x.png in Resources */,
			);
			runOnlyForDeploymentPostprocessing = 0;
		};
		BC8B4E3A1D376BDF009B441C /* Resources */ = {
			isa = PBXResourcesBuildPhase;
			buildActionMask = 2147483647;
			files = (
			);
			runOnlyForDeploymentPostprocessing = 0;
		};
		BC8B4E451D376BE0009B441C /* Resources */ = {
			isa = PBXResourcesBuildPhase;
			buildActionMask = 2147483647;
			files = (
			);
			runOnlyForDeploymentPostprocessing = 0;
		};
/* End PBXResourcesBuildPhase section */

/* Begin PBXShellScriptBuildPhase section */
		1ADE84B927412E2CFB055CF7 /* [CP] Check Pods Manifest.lock */ = {
			isa = PBXShellScriptBuildPhase;
			buildActionMask = 2147483647;
			files = (
			);
			inputFileListPaths = (
			);
			inputPaths = (
				"${PODS_PODFILE_DIR_PATH}/Podfile.lock",
				"${PODS_ROOT}/Manifest.lock",
			);
			name = "[CP] Check Pods Manifest.lock";
			outputFileListPaths = (
			);
			outputPaths = (
				"$(DERIVED_FILE_DIR)/Pods-XTAnimations-checkManifestLockResult.txt",
			);
			runOnlyForDeploymentPostprocessing = 0;
			shellPath = /bin/sh;
			shellScript = "diff \"${PODS_PODFILE_DIR_PATH}/Podfile.lock\" \"${PODS_ROOT}/Manifest.lock\" > /dev/null\nif [ $? != 0 ] ; then\n    # print error to STDERR\n    echo \"error: The sandbox is not in sync with the Podfile.lock. Run 'pod install' or update your CocoaPods installation.\" >&2\n    exit 1\nfi\n# This output is used by Xcode 'outputs' to avoid re-running this script phase.\necho \"SUCCESS\" > \"${SCRIPT_OUTPUT_FILE_0}\"\n";
			showEnvVarsInLog = 0;
		};
		9A050FC3699EFB14F950624D /* [CP] Copy Pods Resources */ = {
			isa = PBXShellScriptBuildPhase;
			buildActionMask = 2147483647;
			files = (
			);
			inputPaths = (
				"${PODS_ROOT}/Target Support Files/Pods-XTAnimations/Pods-XTAnimations-resources.sh",
				"${PODS_ROOT}/MJRefresh/MJRefresh/MJRefresh.bundle",
			);
			name = "[CP] Copy Pods Resources";
			outputPaths = (
				"${TARGET_BUILD_DIR}/${UNLOCALIZED_RESOURCES_FOLDER_PATH}/MJRefresh.bundle",
			);
			runOnlyForDeploymentPostprocessing = 0;
			shellPath = /bin/sh;
			shellScript = "\"${PODS_ROOT}/Target Support Files/Pods-XTAnimations/Pods-XTAnimations-resources.sh\"\n";
			showEnvVarsInLog = 0;
		};
/* End PBXShellScriptBuildPhase section */

/* Begin PBXSourcesBuildPhase section */
		BC8B4E1F1D376BDE009B441C /* Sources */ = {
			isa = PBXSourcesBuildPhase;
			buildActionMask = 2147483647;
			files = (
				B9E2F1BB29D5C6DD004A283F /* FloatClockView.swift in Sources */,
				B939EE3629C6133F0026F247 /* UICollectionView.swift in Sources */,
				B94146292994E3780030EEE1 /* RunningViewController.swift in Sources */,
				B9E2F1B229D43144004A283F /* TestViewController.swift in Sources */,
				B94141B729936BAD0030EEE1 /* UIView.swift in Sources */,
				BC73FDCC1D4B1DD700EA9503 /* PopingViewController.m in Sources */,
				B9E2F1A829D34457004A283F /* PageSubViewController.swift in Sources */,
				B9E2F1AE29D34DBF004A283F /* CustomUITableView.swift in Sources */,
				B94141B429936AB50030EEE1 /* PixelTransformer.swift in Sources */,
				BCE46FA91D61B63D0034CC9B /* XTThumbUpAnimation.m in Sources */,
				B939F6DB29CEE6D50026F247 /* UIImage.swift in Sources */,
				B94145EB2993CBC10030EEE1 /* ObjcRuntime.swift in Sources */,
				BC73FDD41D4B1E0500EA9503 /* XTPopingView.m in Sources */,
				B94141B029935D940030EEE1 /* LivingViewController.swift in Sources */,
				B94145E72993C9D90030EEE1 /* Array.swift in Sources */,
				B939EE3429C612980026F247 /* UIScreen.swift in Sources */,
				B9E2F1AA29D344AA004A283F /* UITableView.swift in Sources */,
				BC8A9D0D1D409E0500981050 /* EmitterSnowController.m in Sources */,
				B94141AE29935C390030EEE1 /* Then.swift in Sources */,
				B939F6D729CEE6480026F247 /* NSAttributedStringJoiner.swift in Sources */,
				B9414E802994F6D90030EEE1 /* SortViewController.swift in Sources */,
				B94141AB29935A020030EEE1 /* XTActivityVIew.swift in Sources */,
				B94141B2299369670030EEE1 /* LivingView.swift in Sources */,
				B939FB0F29D1BAA00026F247 /* PageViewController.swift in Sources */,
				BC8B4E641D37758B009B441C /* ViewController1.m in Sources */,
				B9E2F19429D2D24E004A283F /* PipViewController.swift in Sources */,
				B9E2F1B929D5C6AC004A283F /* MCGCDTimer.swift in Sources */,
				B939F6D929CEE6700026F247 /* UIFont.swift in Sources */,
				B939F6DF29D13FC70026F247 /* ButtonUtils.swift in Sources */,
				BCE46FA21D61AAB30034CC9B /* XTPictureViewController.m in Sources */,
				B9E2F1C229D68F8E004A283F /* PlayerView.m in Sources */,
				B939EE3229C611D30026F247 /* CollectionViewLayoutDemoViewController.swift in Sources */,
				B9E2F1B729D5C606004A283F /* PipTimerViewController.swift in Sources */,
				B939F2AE29CE02140026F247 /* PKProgressBar.swift in Sources */,
				BC8A9D1C1D40B79000981050 /* NSString+XTAdd.m in Sources */,
				BC8A9D161D40B0CA00981050 /* XTScrollLabelViewController.m in Sources */,
				B939EE3829C613AE0026F247 /* UIColor.swift in Sources */,
				BC8A9D191D40B0E100981050 /* XTScrollLabelView.m in Sources */,
				BC8B4E2B1D376BDF009B441C /* AppDelegate.m in Sources */,
				B94145E92993CAD00030EEE1 /* CGGeometry.swift in Sources */,
				B94145E52993C6D10030EEE1 /* AssociatedObject.swift in Sources */,
				BC8B4E681D377BE9009B441C /* XTLoveHeartView.m in Sources */,
				B94141B92993BEFE0030EEE1 /* UIViewController.swift in Sources */,
				B9E2F1AC29D3481A004A283F /* CustomUIScrollView.swift in Sources */,
				BC8B4E721D3781BE009B441C /* XTLoveHeartViewController.m in Sources */,
				BC8B4E281D376BDF009B441C /* main.m in Sources */,
				BC8B4E6F1D377EB7009B441C /* RootViewController.m in Sources */,
			);
			runOnlyForDeploymentPostprocessing = 0;
		};
		BC8B4E381D376BDF009B441C /* Sources */ = {
			isa = PBXSourcesBuildPhase;
			buildActionMask = 2147483647;
			files = (
				BC8B4E411D376BE0009B441C /* XTAnimationsTests.m in Sources */,
			);
			runOnlyForDeploymentPostprocessing = 0;
		};
		BC8B4E431D376BE0009B441C /* Sources */ = {
			isa = PBXSourcesBuildPhase;
			buildActionMask = 2147483647;
			files = (
				BC8B4E4C1D376BE1009B441C /* XTAnimationsUITests.m in Sources */,
			);
			runOnlyForDeploymentPostprocessing = 0;
		};
/* End PBXSourcesBuildPhase section */

/* Begin PBXTargetDependency section */
		BC8B4E3E1D376BDF009B441C /* PBXTargetDependency */ = {
			isa = PBXTargetDependency;
			target = BC8B4E221D376BDE009B441C /* XTAnimations */;
			targetProxy = BC8B4E3D1D376BDF009B441C /* PBXContainerItemProxy */;
		};
		BC8B4E491D376BE0009B441C /* PBXTargetDependency */ = {
			isa = PBXTargetDependency;
			target = BC8B4E221D376BDE009B441C /* XTAnimations */;
			targetProxy = BC8B4E481D376BE0009B441C /* PBXContainerItemProxy */;
		};
/* End PBXTargetDependency section */

/* Begin PBXVariantGroup section */
		BC8B4E2F1D376BDF009B441C /* Main.storyboard */ = {
			isa = PBXVariantGroup;
			children = (
				BC8B4E301D376BDF009B441C /* Base */,
			);
			name = Main.storyboard;
			sourceTree = "<group>";
		};
		BC8B4E341D376BDF009B441C /* LaunchScreen.storyboard */ = {
			isa = PBXVariantGroup;
			children = (
				BC8B4E351D376BDF009B441C /* Base */,
			);
			name = LaunchScreen.storyboard;
			sourceTree = "<group>";
		};
/* End PBXVariantGroup section */

/* Begin XCBuildConfiguration section */
		BC8B4E4E1D376BE1009B441C /* Debug */ = {
			isa = XCBuildConfiguration;
			buildSettings = {
				ALWAYS_SEARCH_USER_PATHS = NO;
				CLANG_ANALYZER_NONNULL = YES;
				CLANG_CXX_LANGUAGE_STANDARD = "gnu++0x";
				CLANG_CXX_LIBRARY = "libc++";
				CLANG_ENABLE_MODULES = YES;
				CLANG_ENABLE_OBJC_ARC = YES;
				CLANG_WARN_BOOL_CONVERSION = YES;
				CLANG_WARN_CONSTANT_CONVERSION = YES;
				CLANG_WARN_DIRECT_OBJC_ISA_USAGE = YES_ERROR;
				CLANG_WARN_EMPTY_BODY = YES;
				CLANG_WARN_ENUM_CONVERSION = YES;
				CLANG_WARN_INT_CONVERSION = YES;
				CLANG_WARN_OBJC_ROOT_CLASS = YES_ERROR;
				CLANG_WARN_UNREACHABLE_CODE = YES;
				CLANG_WARN__DUPLICATE_METHOD_MATCH = YES;
				"CODE_SIGN_IDENTITY[sdk=iphoneos*]" = "iPhone Developer";
				COPY_PHASE_STRIP = NO;
				DEBUG_INFORMATION_FORMAT = dwarf;
				ENABLE_STRICT_OBJC_MSGSEND = YES;
				ENABLE_TESTABILITY = YES;
				GCC_C_LANGUAGE_STANDARD = gnu99;
				GCC_DYNAMIC_NO_PIC = NO;
				GCC_NO_COMMON_BLOCKS = YES;
				GCC_OPTIMIZATION_LEVEL = 0;
				GCC_PREPROCESSOR_DEFINITIONS = (
					"DEBUG=1",
					"$(inherited)",
				);
				GCC_WARN_64_TO_32_BIT_CONVERSION = YES;
				GCC_WARN_ABOUT_RETURN_TYPE = YES_ERROR;
				GCC_WARN_UNDECLARED_SELECTOR = YES;
				GCC_WARN_UNINITIALIZED_AUTOS = YES_AGGRESSIVE;
				GCC_WARN_UNUSED_FUNCTION = YES;
				GCC_WARN_UNUSED_VARIABLE = YES;
				IPHONEOS_DEPLOYMENT_TARGET = 9.3;
				MTL_ENABLE_DEBUG_INFO = YES;
				ONLY_ACTIVE_ARCH = YES;
				SDKROOT = iphoneos;
				TARGETED_DEVICE_FAMILY = "1,2";
			};
			name = Debug;
		};
		BC8B4E4F1D376BE1009B441C /* Release */ = {
			isa = XCBuildConfiguration;
			buildSettings = {
				ALWAYS_SEARCH_USER_PATHS = NO;
				CLANG_ANALYZER_NONNULL = YES;
				CLANG_CXX_LANGUAGE_STANDARD = "gnu++0x";
				CLANG_CXX_LIBRARY = "libc++";
				CLANG_ENABLE_MODULES = YES;
				CLANG_ENABLE_OBJC_ARC = YES;
				CLANG_WARN_BOOL_CONVERSION = YES;
				CLANG_WARN_CONSTANT_CONVERSION = YES;
				CLANG_WARN_DIRECT_OBJC_ISA_USAGE = YES_ERROR;
				CLANG_WARN_EMPTY_BODY = YES;
				CLANG_WARN_ENUM_CONVERSION = YES;
				CLANG_WARN_INT_CONVERSION = YES;
				CLANG_WARN_OBJC_ROOT_CLASS = YES_ERROR;
				CLANG_WARN_UNREACHABLE_CODE = YES;
				CLANG_WARN__DUPLICATE_METHOD_MATCH = YES;
				"CODE_SIGN_IDENTITY[sdk=iphoneos*]" = "iPhone Developer";
				COPY_PHASE_STRIP = NO;
				DEBUG_INFORMATION_FORMAT = "dwarf-with-dsym";
				ENABLE_NS_ASSERTIONS = NO;
				ENABLE_STRICT_OBJC_MSGSEND = YES;
				GCC_C_LANGUAGE_STANDARD = gnu99;
				GCC_NO_COMMON_BLOCKS = YES;
				GCC_WARN_64_TO_32_BIT_CONVERSION = YES;
				GCC_WARN_ABOUT_RETURN_TYPE = YES_ERROR;
				GCC_WARN_UNDECLARED_SELECTOR = YES;
				GCC_WARN_UNINITIALIZED_AUTOS = YES_AGGRESSIVE;
				GCC_WARN_UNUSED_FUNCTION = YES;
				GCC_WARN_UNUSED_VARIABLE = YES;
				IPHONEOS_DEPLOYMENT_TARGET = 9.3;
				MTL_ENABLE_DEBUG_INFO = NO;
				SDKROOT = iphoneos;
				TARGETED_DEVICE_FAMILY = "1,2";
				VALIDATE_PRODUCT = YES;
			};
			name = Release;
		};
		BC8B4E511D376BE1009B441C /* Debug */ = {
			isa = XCBuildConfiguration;
			baseConfigurationReference = 6FC9E68F277B73F7C85E6569 /* Pods-XTAnimations.debug.xcconfig */;
			buildSettings = {
				ASSETCATALOG_COMPILER_APPICON_NAME = AppIcon;
				CLANG_ENABLE_MODULES = YES;
				DEVELOPMENT_TEAM = 8XEUVFYSL4;
				INFOPLIST_FILE = XTAnimations/Info.plist;
				IPHONEOS_DEPLOYMENT_TARGET = 11.0;
				LD_RUNPATH_SEARCH_PATHS = "$(inherited) @executable_path/Frameworks";
				PRODUCT_BUNDLE_IDENTIFIER = "-MyCompanyName-.XTAnimations-summerxx1";
				PRODUCT_NAME = "$(TARGET_NAME)";
				SWIFT_OBJC_BRIDGING_HEADER = "XTAnimations/XTFoundationSwift/XTAnimations-Bridging-Header.h";
				SWIFT_OPTIMIZATION_LEVEL = "-Onone";
				SWIFT_VERSION = 5.0;
			};
			name = Debug;
		};
		BC8B4E521D376BE1009B441C /* Release */ = {
			isa = XCBuildConfiguration;
			baseConfigurationReference = 80AC877AE046A8669099E077 /* Pods-XTAnimations.release.xcconfig */;
			buildSettings = {
				ASSETCATALOG_COMPILER_APPICON_NAME = AppIcon;
				CLANG_ENABLE_MODULES = YES;
				DEVELOPMENT_TEAM = 8XEUVFYSL4;
				INFOPLIST_FILE = XTAnimations/Info.plist;
				IPHONEOS_DEPLOYMENT_TARGET = 11.0;
				LD_RUNPATH_SEARCH_PATHS = "$(inherited) @executable_path/Frameworks";
				PRODUCT_BUNDLE_IDENTIFIER = "-MyCompanyName-.XTAnimations-summerxx1";
				PRODUCT_NAME = "$(TARGET_NAME)";
				SWIFT_OBJC_BRIDGING_HEADER = "XTAnimations/XTFoundationSwift/XTAnimations-Bridging-Header.h";
				SWIFT_VERSION = 5.0;
			};
			name = Release;
		};
		BC8B4E541D376BE1009B441C /* Debug */ = {
			isa = XCBuildConfiguration;
			buildSettings = {
				ALWAYS_EMBED_SWIFT_STANDARD_LIBRARIES = YES;
				BUNDLE_LOADER = "$(TEST_HOST)";
				INFOPLIST_FILE = XTAnimationsTests/Info.plist;
				LD_RUNPATH_SEARCH_PATHS = "$(inherited) @executable_path/Frameworks @loader_path/Frameworks";
				PRODUCT_BUNDLE_IDENTIFIER = "-MyCompanyName-.XTAnimationsTests";
				PRODUCT_NAME = "$(TARGET_NAME)";
				TEST_HOST = "$(BUILT_PRODUCTS_DIR)/XTAnimations.app/XTAnimations";
			};
			name = Debug;
		};
		BC8B4E551D376BE1009B441C /* Release */ = {
			isa = XCBuildConfiguration;
			buildSettings = {
				ALWAYS_EMBED_SWIFT_STANDARD_LIBRARIES = YES;
				BUNDLE_LOADER = "$(TEST_HOST)";
				INFOPLIST_FILE = XTAnimationsTests/Info.plist;
				LD_RUNPATH_SEARCH_PATHS = "$(inherited) @executable_path/Frameworks @loader_path/Frameworks";
				PRODUCT_BUNDLE_IDENTIFIER = "-MyCompanyName-.XTAnimationsTests";
				PRODUCT_NAME = "$(TARGET_NAME)";
				TEST_HOST = "$(BUILT_PRODUCTS_DIR)/XTAnimations.app/XTAnimations";
			};
			name = Release;
		};
		BC8B4E571D376BE1009B441C /* Debug */ = {
			isa = XCBuildConfiguration;
			buildSettings = {
				ALWAYS_EMBED_SWIFT_STANDARD_LIBRARIES = YES;
				INFOPLIST_FILE = XTAnimationsUITests/Info.plist;
				LD_RUNPATH_SEARCH_PATHS = "$(inherited) @executable_path/Frameworks @loader_path/Frameworks";
				PRODUCT_BUNDLE_IDENTIFIER = "-MyCompanyName-.XTAnimationsUITests";
				PRODUCT_NAME = "$(TARGET_NAME)";
				TEST_TARGET_NAME = XTAnimations;
			};
			name = Debug;
		};
		BC8B4E581D376BE1009B441C /* Release */ = {
			isa = XCBuildConfiguration;
			buildSettings = {
				ALWAYS_EMBED_SWIFT_STANDARD_LIBRARIES = YES;
				INFOPLIST_FILE = XTAnimationsUITests/Info.plist;
				LD_RUNPATH_SEARCH_PATHS = "$(inherited) @executable_path/Frameworks @loader_path/Frameworks";
				PRODUCT_BUNDLE_IDENTIFIER = "-MyCompanyName-.XTAnimationsUITests";
				PRODUCT_NAME = "$(TARGET_NAME)";
				TEST_TARGET_NAME = XTAnimations;
			};
			name = Release;
		};
/* End XCBuildConfiguration section */

/* Begin XCConfigurationList section */
		BC8B4E1E1D376BDE009B441C /* Build configuration list for PBXProject "XTAnimations" */ = {
			isa = XCConfigurationList;
			buildConfigurations = (
				BC8B4E4E1D376BE1009B441C /* Debug */,
				BC8B4E4F1D376BE1009B441C /* Release */,
			);
			defaultConfigurationIsVisible = 0;
			defaultConfigurationName = Release;
		};
		BC8B4E501D376BE1009B441C /* Build configuration list for PBXNativeTarget "XTAnimations" */ = {
			isa = XCConfigurationList;
			buildConfigurations = (
				BC8B4E511D376BE1009B441C /* Debug */,
				BC8B4E521D376BE1009B441C /* Release */,
			);
			defaultConfigurationIsVisible = 0;
			defaultConfigurationName = Release;
		};
		BC8B4E531D376BE1009B441C /* Build configuration list for PBXNativeTarget "XTAnimationsTests" */ = {
			isa = XCConfigurationList;
			buildConfigurations = (
				BC8B4E541D376BE1009B441C /* Debug */,
				BC8B4E551D376BE1009B441C /* Release */,
			);
			defaultConfigurationIsVisible = 0;
			defaultConfigurationName = Release;
		};
		BC8B4E561D376BE1009B441C /* Build configuration list for PBXNativeTarget "XTAnimationsUITests" */ = {
			isa = XCConfigurationList;
			buildConfigurations = (
				BC8B4E571D376BE1009B441C /* Debug */,
				BC8B4E581D376BE1009B441C /* Release */,
			);
			defaultConfigurationIsVisible = 0;
			defaultConfigurationName = Release;
		};
/* End XCConfigurationList section */
	};
	rootObject = BC8B4E1B1D376BDE009B441C /* Project object */;
}
